Microsoft Visual Studio Solution File, Format Version 12.00
# Visual Studio 2012
Project("{F184B08F-C81C-45F6-A57F-5ABD9991F28F}") = "LayoutControl", "LayoutControl\LayoutControl.vbproj", "{6241ECE3-106A-4792-9828-D1A47ECF4E40}"
EndProject
Global
	GlobalSection(SolutionConfigurationPlatforms) = preSolution
		Debug|Any CPU = Debug|Any CPU
		Release|Any CPU = Release|Any CPU
	EndGlobalSection
	GlobalSection(ProjectConfigurationPlatforms) = postSolution
		{6241ECE3-106A-4792-9828-D1A47ECF4E40}.Debug|Any CPU.ActiveCfg = Debug|Any CPU
		{6241ECE3-106A-4792-9828-D1A47ECF4E40}.Debug|Any CPU.Build.0 = Debug|Any CPU
		{6241ECE3-106A-4792-9828-D1A47ECF4E40}.Release|Any CPU.ActiveCfg = Release|Any CPU
		{6241ECE3-106A-4792-9828-D1A47ECF4E40}.Release|Any CPU.Build.0 = Release|Any CPU
	EndGlobalSection
	GlobalSection(SolutionProperties) = preSolution
		HideSolutionNode = FALSE
	EndGlobalSection
EndGlobal
